// !$*UTF8*$!
{
	archiveVersion = 1;
	classes = {
	};
	objectVersion = 52;
	objects = {

/* Begin PBXBuildFile section */
		4AAEAA5F200C020E00AA7479 /* PFFacebookUtils.h in Headers */ = {isa = PBXBuildFile; fileRef = 813DFC841AB2510300F25A08 /* PFFacebookUtils.h */; settings = {ATTRIBUTES = (Public, ); }; };
		4AAEAA60200C020E00AA7479 /* PFFacebookAuthenticationProvider.h in Headers */ = {isa = PBXBuildFile; fileRef = 81EA09C91C178DED00B0F875 /* PFFacebookAuthenticationProvider.h */; };
		4AAEAA61200C020E00AA7479 /* PFFacebookMobileAuthenticationProvider.h in Headers */ = {isa = PBXBuildFile; fileRef = 81EA09C61C178DED00B0F875 /* PFFacebookMobileAuthenticationProvider.h */; };
		4AAEAA62200C020E00AA7479 /* ParseFacebookUtilsV4.h in Headers */ = {isa = PBXBuildFile; fileRef = 81EDD4B41B58AC7D002F69C0 /* ParseFacebookUtilsV4.h */; settings = {ATTRIBUTES = (Public, ); }; };
		4AAEAA63200C020E00AA7479 /* PFFacebookPrivateUtilities.h in Headers */ = {isa = PBXBuildFile; fileRef = 81E35FD21BAA6F8400348526 /* PFFacebookPrivateUtilities.h */; };
		4AAEAA64200C020E00AA7479 /* PFFacebookUtils_Private.h in Headers */ = {isa = PBXBuildFile; fileRef = 81643D761AB79ABD00DD3E65 /* PFFacebookUtils_Private.h */; };
		4AAEAA65200C020E00AA7479 /* PFFacebookMobileAuthenticationProvider_Private.h in Headers */ = {isa = PBXBuildFile; fileRef = 81EA09C81C178DED00B0F875 /* PFFacebookMobileAuthenticationProvider_Private.h */; };
		4AAEAA67200C020E00AA7479 /* PFFacebookAuthenticationProvider.m in Sources */ = {isa = PBXBuildFile; fileRef = 81EA09CA1C178DED00B0F875 /* PFFacebookAuthenticationProvider.m */; };
		4AAEAA68200C020E00AA7479 /* PFFacebookUtils.m in Sources */ = {isa = PBXBuildFile; fileRef = 813DFC851AB2510300F25A08 /* PFFacebookUtils.m */; };
		4AAEAA69200C020E00AA7479 /* PFFacebookMobileAuthenticationProvider.m in Sources */ = {isa = PBXBuildFile; fileRef = 81EA09C71C178DED00B0F875 /* PFFacebookMobileAuthenticationProvider.m */; };
		4AAEAA6A200C020E00AA7479 /* PFFacebookPrivateUtilities.m in Sources */ = {isa = PBXBuildFile; fileRef = 81E35FD31BAA6F8400348526 /* PFFacebookPrivateUtilities.m */; };
		7916B620243B914200F6A2EC /* FBSDKLoginKit.framework in Frameworks */ = {isa = PBXBuildFile; fileRef = 4A1351C720281889000F5FD5 /* FBSDKLoginKit.framework */; platformFilter = ios; };
		7916B622243B914200F6A2EC /* FBSDKCoreKit.framework in Frameworks */ = {isa = PBXBuildFile; fileRef = 4A1351C820281889000F5FD5 /* FBSDKCoreKit.framework */; platformFilter = ios; };
		7916B639243B92EE00F6A2EC /* Bolts.framework in Frameworks */ = {isa = PBXBuildFile; fileRef = 7916B638243B92EE00F6A2EC /* Bolts.framework */; platformFilter = ios; };
		7916B63D243B92F500F6A2EC /* UIKit.framework in Frameworks */ = {isa = PBXBuildFile; fileRef = 7916B63C243B92F500F6A2EC /* UIKit.framework */; platformFilter = ios; };
		B9312D4923C4A2B5002D4A4C /* SystemConfiguration.framework in Frameworks */ = {isa = PBXBuildFile; fileRef = B9A7EE9D23C497D2003E606E /* SystemConfiguration.framework */; platformFilter = ios; };
		F3EDC1DD243BADCE00E0A9E9 /* Parse.framework in Frameworks */ = {isa = PBXBuildFile; fileRef = 4A1350512027EA26000F5FD5 /* Parse.framework */; platformFilter = ios; };
/* End PBXBuildFile section */

/* Begin PBXContainerItemProxy section */
		4A1350502027EA26000F5FD5 /* PBXContainerItemProxy */ = {
			isa = PBXContainerItemProxy;
			containerPortal = 4A1350412027EA26000F5FD5 /* Parse.xcodeproj */;
			proxyType = 2;
			remoteGlobalIDString = 81C5845D1C3B0A98000063C6;
			remoteInfo = "Parse-iOS-Dynamic";
		};
		F3EDC1DB243BADC600E0A9E9 /* PBXContainerItemProxy */ = {
			isa = PBXContainerItemProxy;
			containerPortal = 4A1350412027EA26000F5FD5 /* Parse.xcodeproj */;
			proxyType = 1;
			remoteGlobalIDString = 81C582E11C3B0A98000063C6;
			remoteInfo = "Parse-iOS-Dynamic";
		};
/* End PBXContainerItemProxy section */

/* Begin PBXFileReference section */
		4A1350412027EA26000F5FD5 /* Parse.xcodeproj */ = {isa = PBXFileReference; lastKnownFileType = "wrapper.pb-project"; name = Parse.xcodeproj; path = ../Parse/Parse.xcodeproj; sourceTree = "<group>"; };
		4A1351BD2028185E000F5FD5 /* FBSDKCoreKit.framework */ = {isa = PBXFileReference; lastKnownFileType = wrapper.framework; name = FBSDKCoreKit.framework; path = Vendor/FBSDKCoreKit.framework; sourceTree = "<group>"; };
		4A1351BE2028185E000F5FD5 /* FBSDKLoginKit.framework */ = {isa = PBXFileReference; lastKnownFileType = wrapper.framework; name = FBSDKLoginKit.framework; path = Vendor/FBSDKLoginKit.framework; sourceTree = "<group>"; };
		4A1351C120281867000F5FD5 /* FBSDKCoreKit.framework */ = {isa = PBXFileReference; lastKnownFileType = wrapper.framework; name = FBSDKCoreKit.framework; path = Vendor/tvOS/FBSDKCoreKit.framework; sourceTree = "<group>"; };
		4A1351C220281867000F5FD5 /* FBSDKTVOSKit.framework */ = {isa = PBXFileReference; lastKnownFileType = wrapper.framework; name = FBSDKTVOSKit.framework; path = Vendor/tvOS/FBSDKTVOSKit.framework; sourceTree = "<group>"; };
		4A1351C720281889000F5FD5 /* FBSDKLoginKit.framework */ = {isa = PBXFileReference; lastKnownFileType = wrapper.framework; name = FBSDKLoginKit.framework; path = ../Carthage/Build/iOS/FBSDKLoginKit.framework; sourceTree = "<group>"; };
		4A1351C820281889000F5FD5 /* FBSDKCoreKit.framework */ = {isa = PBXFileReference; lastKnownFileType = wrapper.framework; name = FBSDKCoreKit.framework; path = ../Carthage/Build/iOS/FBSDKCoreKit.framework; sourceTree = "<group>"; };
		4A1351CB20281897000F5FD5 /* FBSDKCoreKit.framework */ = {isa = PBXFileReference; lastKnownFileType = wrapper.framework; name = FBSDKCoreKit.framework; path = ../Carthage/Build/tvOS/FBSDKCoreKit.framework; sourceTree = "<group>"; };
		4A1351CC20281897000F5FD5 /* FBSDKTVOSKit.framework */ = {isa = PBXFileReference; lastKnownFileType = wrapper.framework; name = FBSDKTVOSKit.framework; path = ../Carthage/Build/tvOS/FBSDKTVOSKit.framework; sourceTree = "<group>"; };
		4AAEAA75200C020E00AA7479 /* ParseFacebookUtilsV4.framework */ = {isa = PBXFileReference; explicitFileType = wrapper.framework; includeInIndex = 0; path = ParseFacebookUtilsV4.framework; sourceTree = BUILT_PRODUCTS_DIR; };
		4AAEAA92200C025100AA7479 /* ParseFacebookUtilsV4-iOS-Dynamic.xcconfig */ = {isa = PBXFileReference; lastKnownFileType = text.xcconfig; path = "ParseFacebookUtilsV4-iOS-Dynamic.xcconfig"; sourceTree = "<group>"; };
		7916B638243B92EE00F6A2EC /* Bolts.framework */ = {isa = PBXFileReference; lastKnownFileType = wrapper.framework; name = Bolts.framework; path = ../Carthage/Build/iOS/Bolts.framework; sourceTree = "<group>"; };
		7916B63C243B92F500F6A2EC /* UIKit.framework */ = {isa = PBXFileReference; lastKnownFileType = wrapper.framework; name = UIKit.framework; path = Platforms/iPhoneOS.platform/Developer/SDKs/iPhoneOS13.4.sdk/System/Library/Frameworks/UIKit.framework; sourceTree = DEVELOPER_DIR; };
		7916B65E243B9C3F00F6A2EC /* Common.xcconfig */ = {isa = PBXFileReference; fileEncoding = 4; lastKnownFileType = text.xcconfig; path = Common.xcconfig; sourceTree = "<group>"; };
		7916B660243B9C3F00F6A2EC /* macOS.xcconfig */ = {isa = PBXFileReference; fileEncoding = 4; lastKnownFileType = text.xcconfig; path = macOS.xcconfig; sourceTree = "<group>"; };
		7916B661243B9C3F00F6A2EC /* tvOS.xcconfig */ = {isa = PBXFileReference; fileEncoding = 4; lastKnownFileType = text.xcconfig; path = tvOS.xcconfig; sourceTree = "<group>"; };
		7916B662243B9C3F00F6A2EC /* iOS.xcconfig */ = {isa = PBXFileReference; fileEncoding = 4; lastKnownFileType = text.xcconfig; path = iOS.xcconfig; sourceTree = "<group>"; };
		7916B663243B9C3F00F6A2EC /* watchOS.xcconfig */ = {isa = PBXFileReference; fileEncoding = 4; lastKnownFileType = text.xcconfig; path = watchOS.xcconfig; sourceTree = "<group>"; };
		7916B665243B9C3F00F6A2EC /* Application.xcconfig */ = {isa = PBXFileReference; fileEncoding = 4; lastKnownFileType = text.xcconfig; path = Application.xcconfig; sourceTree = "<group>"; };
		7916B666243B9C3F00F6A2EC /* DynamicFramework.xcconfig */ = {isa = PBXFileReference; fileEncoding = 4; lastKnownFileType = text.xcconfig; path = DynamicFramework.xcconfig; sourceTree = "<group>"; };
		7916B667243B9C3F00F6A2EC /* StaticFramework.xcconfig */ = {isa = PBXFileReference; fileEncoding = 4; lastKnownFileType = text.xcconfig; path = StaticFramework.xcconfig; sourceTree = "<group>"; };
		7916B668243B9C3F00F6A2EC /* LogicTests.xcconfig */ = {isa = PBXFileReference; fileEncoding = 4; lastKnownFileType = text.xcconfig; path = LogicTests.xcconfig; sourceTree = "<group>"; };
		7916B66A243B9C3F00F6A2EC /* Debug.xcconfig */ = {isa = PBXFileReference; fileEncoding = 4; lastKnownFileType = text.xcconfig; path = Debug.xcconfig; sourceTree = "<group>"; };
		7916B66B243B9C3F00F6A2EC /* Release.xcconfig */ = {isa = PBXFileReference; fileEncoding = 4; lastKnownFileType = text.xcconfig; path = Release.xcconfig; sourceTree = "<group>"; };
		7916B66C243B9C3F00F6A2EC /* Warnings.xcconfig */ = {isa = PBXFileReference; fileEncoding = 4; lastKnownFileType = text.xcconfig; path = Warnings.xcconfig; sourceTree = "<group>"; };
		813DFC841AB2510300F25A08 /* PFFacebookUtils.h */ = {isa = PBXFileReference; fileEncoding = 4; lastKnownFileType = sourcecode.c.h; path = PFFacebookUtils.h; sourceTree = "<group>"; };
		813DFC851AB2510300F25A08 /* PFFacebookUtils.m */ = {isa = PBXFileReference; fileEncoding = 4; lastKnownFileType = sourcecode.c.objc; path = PFFacebookUtils.m; sourceTree = "<group>"; };
		81643D761AB79ABD00DD3E65 /* PFFacebookUtils_Private.h */ = {isa = PBXFileReference; fileEncoding = 4; lastKnownFileType = sourcecode.c.h; name = PFFacebookUtils_Private.h; path = Internal/PFFacebookUtils_Private.h; sourceTree = "<group>"; };
		81B3F22A1AC9CA5300A92677 /* Localizable.strings */ = {isa = PBXFileReference; fileEncoding = 4; lastKnownFileType = text.plist.strings; name = Localizable.strings; path = Resources/Localizable.strings; sourceTree = SOURCE_ROOT; };
		81E35FD21BAA6F8400348526 /* PFFacebookPrivateUtilities.h */ = {isa = PBXFileReference; fileEncoding = 4; lastKnownFileType = sourcecode.c.h; path = PFFacebookPrivateUtilities.h; sourceTree = "<group>"; };
		81E35FD31BAA6F8400348526 /* PFFacebookPrivateUtilities.m */ = {isa = PBXFileReference; fileEncoding = 4; lastKnownFileType = sourcecode.c.objc; path = PFFacebookPrivateUtilities.m; sourceTree = "<group>"; };
		81E41FB51C178BA200F5BF3F /* Info-iOS.plist */ = {isa = PBXFileReference; lastKnownFileType = text.plist.xml; path = "Info-iOS.plist"; sourceTree = "<group>"; };
		81E41FB61C178BA200F5BF3F /* Info-tvOS.plist */ = {isa = PBXFileReference; lastKnownFileType = text.plist.xml; path = "Info-tvOS.plist"; sourceTree = "<group>"; };
		81EA09C61C178DED00B0F875 /* PFFacebookMobileAuthenticationProvider.h */ = {isa = PBXFileReference; fileEncoding = 4; lastKnownFileType = sourcecode.c.h; path = PFFacebookMobileAuthenticationProvider.h; sourceTree = "<group>"; };
		81EA09C71C178DED00B0F875 /* PFFacebookMobileAuthenticationProvider.m */ = {isa = PBXFileReference; fileEncoding = 4; lastKnownFileType = sourcecode.c.objc; path = PFFacebookMobileAuthenticationProvider.m; sourceTree = "<group>"; };
		81EA09C81C178DED00B0F875 /* PFFacebookMobileAuthenticationProvider_Private.h */ = {isa = PBXFileReference; fileEncoding = 4; lastKnownFileType = sourcecode.c.h; path = PFFacebookMobileAuthenticationProvider_Private.h; sourceTree = "<group>"; };
		81EA09C91C178DED00B0F875 /* PFFacebookAuthenticationProvider.h */ = {isa = PBXFileReference; fileEncoding = 4; lastKnownFileType = sourcecode.c.h; path = PFFacebookAuthenticationProvider.h; sourceTree = "<group>"; };
		81EA09CA1C178DED00B0F875 /* PFFacebookAuthenticationProvider.m */ = {isa = PBXFileReference; fileEncoding = 4; lastKnownFileType = sourcecode.c.objc; path = PFFacebookAuthenticationProvider.m; sourceTree = "<group>"; };
		81EA09CC1C178DED00B0F875 /* PFFacebookDeviceAuthenticationProvider.h */ = {isa = PBXFileReference; fileEncoding = 4; lastKnownFileType = sourcecode.c.h; path = PFFacebookDeviceAuthenticationProvider.h; sourceTree = "<group>"; };
		81EA09CD1C178DED00B0F875 /* PFFacebookDeviceAuthenticationProvider.m */ = {isa = PBXFileReference; fileEncoding = 4; lastKnownFileType = sourcecode.c.objc; path = PFFacebookDeviceAuthenticationProvider.m; sourceTree = "<group>"; };
		81EDD4B41B58AC7D002F69C0 /* ParseFacebookUtilsV4.h */ = {isa = PBXFileReference; fileEncoding = 4; lastKnownFileType = sourcecode.c.h; path = ParseFacebookUtilsV4.h; sourceTree = "<group>"; };
		B9A7EE9723C497AC003E606E /* AudioToolbox.framework */ = {isa = PBXFileReference; lastKnownFileType = wrapper.framework; name = AudioToolbox.framework; path = System/Library/Frameworks/AudioToolbox.framework; sourceTree = SDKROOT; };
		B9A7EE9923C497B2003E606E /* StoreKit.framework */ = {isa = PBXFileReference; lastKnownFileType = wrapper.framework; name = StoreKit.framework; path = System/Library/Frameworks/StoreKit.framework; sourceTree = SDKROOT; };
		B9A7EE9B23C497C3003E606E /* libsqlite3.tbd */ = {isa = PBXFileReference; lastKnownFileType = "sourcecode.text-based-dylib-definition"; name = libsqlite3.tbd; path = usr/lib/libsqlite3.tbd; sourceTree = SDKROOT; };
		B9A7EE9D23C497D2003E606E /* SystemConfiguration.framework */ = {isa = PBXFileReference; lastKnownFileType = wrapper.framework; name = SystemConfiguration.framework; path = System/Library/Frameworks/SystemConfiguration.framework; sourceTree = SDKROOT; };
		B9A7EEBA23C49CEF003E606E /* Accounts.framework */ = {isa = PBXFileReference; lastKnownFileType = wrapper.framework; name = Accounts.framework; path = System/Library/Frameworks/Accounts.framework; sourceTree = SDKROOT; };
		B9A7EEBC23C49CF8003E606E /* Social.framework */ = {isa = PBXFileReference; lastKnownFileType = wrapper.framework; name = Social.framework; path = System/Library/Frameworks/Social.framework; sourceTree = SDKROOT; };
		B9A7EEBF23C49D36003E606E /* UIKit.framework */ = {isa = PBXFileReference; lastKnownFileType = wrapper.framework; name = UIKit.framework; path = Platforms/iPhoneOS.platform/Developer/SDKs/iPhoneOS13.2.sdk/System/Library/Frameworks/UIKit.framework; sourceTree = DEVELOPER_DIR; };
		B9A7EECB23C49DAD003E606E /* CoreGraphics.framework */ = {isa = PBXFileReference; lastKnownFileType = wrapper.framework; name = CoreGraphics.framework; path = System/Library/Frameworks/CoreGraphics.framework; sourceTree = SDKROOT; };
		B9A7EECD23C49DE3003E606E /* libc++.tbd */ = {isa = PBXFileReference; lastKnownFileType = "sourcecode.text-based-dylib-definition"; name = "libc++.tbd"; path = "usr/lib/libc++.tbd"; sourceTree = SDKROOT; };
		B9A7EECF23C49F04003E606E /* Accelerate.framework */ = {isa = PBXFileReference; lastKnownFileType = wrapper.framework; name = Accelerate.framework; path = System/Library/Frameworks/Accelerate.framework; sourceTree = SDKROOT; };
/* End PBXFileReference section */

/* Begin PBXFrameworksBuildPhase section */
		4AAEAA6B200C020E00AA7479 /* Frameworks */ = {
			isa = PBXFrameworksBuildPhase;
			buildActionMask = 2147483647;
			files = (
				7916B639243B92EE00F6A2EC /* Bolts.framework in Frameworks */,
				7916B63D243B92F500F6A2EC /* UIKit.framework in Frameworks */,
				B9312D4923C4A2B5002D4A4C /* SystemConfiguration.framework in Frameworks */,
				7916B622243B914200F6A2EC /* FBSDKCoreKit.framework in Frameworks */,
				F3EDC1DD243BADCE00E0A9E9 /* Parse.framework in Frameworks */,
				7916B620243B914200F6A2EC /* FBSDKLoginKit.framework in Frameworks */,
			);
			runOnlyForDeploymentPostprocessing = 0;
		};
/* End PBXFrameworksBuildPhase section */

/* Begin PBXGroup section */
		034768DFFF38A50411DB9C8B /* Products */ = {
			isa = PBXGroup;
			children = (
				4AAEAA75200C020E00AA7479 /* ParseFacebookUtilsV4.framework */,
			);
			name = Products;
			sourceTree = "<group>";
		};
		0867D691FE84028FC02AAC07 /* Breakpad */ = {
			isa = PBXGroup;
			children = (
				F52CD63A1B58383C0051AB86 /* Configurations */,
				813DFC7E1AB2510300F25A08 /* ParseFacebookUtilsV4 */,
				813DFC961AB2524C00F25A08 /* Resources */,
				0867D69AFE84028FC02AAC07 /* Frameworks */,
				034768DFFF38A50411DB9C8B /* Products */,
			);
			indentWidth = 4;
			name = Breakpad;
			sourceTree = "<group>";
		};
		0867D69AFE84028FC02AAC07 /* Frameworks */ = {
			isa = PBXGroup;
			children = (
				7916B63C243B92F500F6A2EC /* UIKit.framework */,
				7916B638243B92EE00F6A2EC /* Bolts.framework */,
				B9A7EECF23C49F04003E606E /* Accelerate.framework */,
				B9A7EECD23C49DE3003E606E /* libc++.tbd */,
				B9A7EECB23C49DAD003E606E /* CoreGraphics.framework */,
				B9A7EEBF23C49D36003E606E /* UIKit.framework */,
				B9A7EEBC23C49CF8003E606E /* Social.framework */,
				B9A7EEBA23C49CEF003E606E /* Accounts.framework */,
				B9A7EE9D23C497D2003E606E /* SystemConfiguration.framework */,
				B9A7EE9B23C497C3003E606E /* libsqlite3.tbd */,
				B9A7EE9923C497B2003E606E /* StoreKit.framework */,
				B9A7EE9723C497AC003E606E /* AudioToolbox.framework */,
				4A1350412027EA26000F5FD5 /* Parse.xcodeproj */,
				813DFC8F1AB2513D00F25A08 /* User Frameworks */,
			);
			name = Frameworks;
			sourceTree = "<group>";
		};
		4A1350422027EA26000F5FD5 /* Products */ = {
			isa = PBXGroup;
			children = (
				4A1350512027EA26000F5FD5 /* Parse.framework */,
			);
			name = Products;
			sourceTree = "<group>";
		};
		4A1351B92028182A000F5FD5 /* Static */ = {
			isa = PBXGroup;
			children = (
				4A1351BC20281850000F5FD5 /* tvOS */,
				4A1351BB2028184A000F5FD5 /* iOS */,
			);
			name = Static;
			sourceTree = "<group>";
		};
		4A1351BA20281839000F5FD5 /* Dynamic */ = {
			isa = PBXGroup;
			children = (
				4A1351C620281873000F5FD5 /* tvOS */,
				4A1351C52028186C000F5FD5 /* iOS */,
			);
			name = Dynamic;
			sourceTree = "<group>";
		};
		4A1351BB2028184A000F5FD5 /* iOS */ = {
			isa = PBXGroup;
			children = (
				4A1351BD2028185E000F5FD5 /* FBSDKCoreKit.framework */,
				4A1351BE2028185E000F5FD5 /* FBSDKLoginKit.framework */,
			);
			name = iOS;
			sourceTree = "<group>";
		};
		4A1351BC20281850000F5FD5 /* tvOS */ = {
			isa = PBXGroup;
			children = (
				4A1351C120281867000F5FD5 /* FBSDKCoreKit.framework */,
				4A1351C220281867000F5FD5 /* FBSDKTVOSKit.framework */,
			);
			name = tvOS;
			sourceTree = "<group>";
		};
		4A1351C52028186C000F5FD5 /* iOS */ = {
			isa = PBXGroup;
			children = (
				4A1351C820281889000F5FD5 /* FBSDKCoreKit.framework */,
				4A1351C720281889000F5FD5 /* FBSDKLoginKit.framework */,
			);
			name = iOS;
			sourceTree = "<group>";
		};
		4A1351C620281873000F5FD5 /* tvOS */ = {
			isa = PBXGroup;
			children = (
				4A1351CB20281897000F5FD5 /* FBSDKCoreKit.framework */,
				4A1351CC20281897000F5FD5 /* FBSDKTVOSKit.framework */,
			);
			name = tvOS;
			sourceTree = "<group>";
		};
		7916B65D243B9C3F00F6A2EC /* Shared */ = {
			isa = PBXGroup;
			children = (
				7916B65E243B9C3F00F6A2EC /* Common.xcconfig */,
				7916B65F243B9C3F00F6A2EC /* Platform */,
				7916B664243B9C3F00F6A2EC /* Product */,
				7916B669243B9C3F00F6A2EC /* Project */,
				7916B66C243B9C3F00F6A2EC /* Warnings.xcconfig */,
			);
			path = Shared;
			sourceTree = "<group>";
		};
		7916B65F243B9C3F00F6A2EC /* Platform */ = {
			isa = PBXGroup;
			children = (
				7916B660243B9C3F00F6A2EC /* macOS.xcconfig */,
				7916B661243B9C3F00F6A2EC /* tvOS.xcconfig */,
				7916B662243B9C3F00F6A2EC /* iOS.xcconfig */,
				7916B663243B9C3F00F6A2EC /* watchOS.xcconfig */,
			);
			path = Platform;
			sourceTree = "<group>";
		};
		7916B664243B9C3F00F6A2EC /* Product */ = {
			isa = PBXGroup;
			children = (
				7916B665243B9C3F00F6A2EC /* Application.xcconfig */,
				7916B666243B9C3F00F6A2EC /* DynamicFramework.xcconfig */,
				7916B667243B9C3F00F6A2EC /* StaticFramework.xcconfig */,
				7916B668243B9C3F00F6A2EC /* LogicTests.xcconfig */,
			);
			path = Product;
			sourceTree = "<group>";
		};
		7916B669243B9C3F00F6A2EC /* Project */ = {
			isa = PBXGroup;
			children = (
				7916B66A243B9C3F00F6A2EC /* Debug.xcconfig */,
				7916B66B243B9C3F00F6A2EC /* Release.xcconfig */,
			);
			path = Project;
			sourceTree = "<group>";
		};
		813DFC7E1AB2510300F25A08 /* ParseFacebookUtilsV4 */ = {
			isa = PBXGroup;
			children = (
				813DFC7F1AB2510300F25A08 /* Internal */,
				81EDD4B41B58AC7D002F69C0 /* ParseFacebookUtilsV4.h */,
				813DFC841AB2510300F25A08 /* PFFacebookUtils.h */,
				81643D761AB79ABD00DD3E65 /* PFFacebookUtils_Private.h */,
				813DFC851AB2510300F25A08 /* PFFacebookUtils.m */,
			);
			name = ParseFacebookUtilsV4;
			path = ParseFacebookUtils;
			sourceTree = "<group>";
		};
		813DFC7F1AB2510300F25A08 /* Internal */ = {
			isa = PBXGroup;
			children = (
				81EA09C41C178DED00B0F875 /* AuthenticationProvider */,
				81E35FD21BAA6F8400348526 /* PFFacebookPrivateUtilities.h */,
				81E35FD31BAA6F8400348526 /* PFFacebookPrivateUtilities.m */,
			);
			path = Internal;
			sourceTree = "<group>";
		};
		813DFC8F1AB2513D00F25A08 /* User Frameworks */ = {
			isa = PBXGroup;
			children = (
				4A1351BA20281839000F5FD5 /* Dynamic */,
				4A1351B92028182A000F5FD5 /* Static */,
			);
			name = "User Frameworks";
			sourceTree = "<group>";
		};
		813DFC961AB2524C00F25A08 /* Resources */ = {
			isa = PBXGroup;
			children = (
				81E41FB51C178BA200F5BF3F /* Info-iOS.plist */,
				81E41FB61C178BA200F5BF3F /* Info-tvOS.plist */,
				81B3F22A1AC9CA5300A92677 /* Localizable.strings */,
			);
			path = Resources;
			sourceTree = "<group>";
		};
		81EA09C41C178DED00B0F875 /* AuthenticationProvider */ = {
			isa = PBXGroup;
			children = (
				81EA09C91C178DED00B0F875 /* PFFacebookAuthenticationProvider.h */,
				81EA09CA1C178DED00B0F875 /* PFFacebookAuthenticationProvider.m */,
				81EA09C51C178DED00B0F875 /* iOS */,
				81EA09CB1C178DED00B0F875 /* tvOS */,
			);
			path = AuthenticationProvider;
			sourceTree = "<group>";
		};
		81EA09C51C178DED00B0F875 /* iOS */ = {
			isa = PBXGroup;
			children = (
				81EA09C61C178DED00B0F875 /* PFFacebookMobileAuthenticationProvider.h */,
				81EA09C71C178DED00B0F875 /* PFFacebookMobileAuthenticationProvider.m */,
				81EA09C81C178DED00B0F875 /* PFFacebookMobileAuthenticationProvider_Private.h */,
			);
			path = iOS;
			sourceTree = "<group>";
		};
		81EA09CB1C178DED00B0F875 /* tvOS */ = {
			isa = PBXGroup;
			children = (
				81EA09CC1C178DED00B0F875 /* PFFacebookDeviceAuthenticationProvider.h */,
				81EA09CD1C178DED00B0F875 /* PFFacebookDeviceAuthenticationProvider.m */,
			);
			path = tvOS;
			sourceTree = "<group>";
		};
		F52CD63A1B58383C0051AB86 /* Configurations */ = {
			isa = PBXGroup;
			children = (
				7916B65D243B9C3F00F6A2EC /* Shared */,
				4AAEAA92200C025100AA7479 /* ParseFacebookUtilsV4-iOS-Dynamic.xcconfig */,
			);
			path = Configurations;
			sourceTree = "<group>";
		};
/* End PBXGroup section */

/* Begin PBXHeadersBuildPhase section */
		4AAEAA5E200C020E00AA7479 /* Headers */ = {
			isa = PBXHeadersBuildPhase;
			buildActionMask = 2147483647;
			files = (
				4AAEAA5F200C020E00AA7479 /* PFFacebookUtils.h in Headers */,
				4AAEAA60200C020E00AA7479 /* PFFacebookAuthenticationProvider.h in Headers */,
				4AAEAA61200C020E00AA7479 /* PFFacebookMobileAuthenticationProvider.h in Headers */,
				4AAEAA62200C020E00AA7479 /* ParseFacebookUtilsV4.h in Headers */,
				4AAEAA63200C020E00AA7479 /* PFFacebookPrivateUtilities.h in Headers */,
				4AAEAA64200C020E00AA7479 /* PFFacebookUtils_Private.h in Headers */,
				4AAEAA65200C020E00AA7479 /* PFFacebookMobileAuthenticationProvider_Private.h in Headers */,
			);
			runOnlyForDeploymentPostprocessing = 0;
		};
/* End PBXHeadersBuildPhase section */

/* Begin PBXNativeTarget section */
		4AAEAA5B200C020E00AA7479 /* ParseFacebookUtilsV4-iOS-Dynamic */ = {
			isa = PBXNativeTarget;
			buildConfigurationList = 4AAEAA72200C020E00AA7479 /* Build configuration list for PBXNativeTarget "ParseFacebookUtilsV4-iOS-Dynamic" */;
			buildPhases = (
				4A13525320282699000F5FD5 /* Cleanup Vendored Static lib */,
				4AAEAA5D200C020E00AA7479 /* Generate Localizable Strings */,
				4AAEAA5E200C020E00AA7479 /* Headers */,
				4AAEAA66200C020E00AA7479 /* Sources */,
				4AAEAA6B200C020E00AA7479 /* Frameworks */,
				4AAEAA70200C020E00AA7479 /* Resources */,
			);
			buildRules = (
			);
			dependencies = (
				F3EDC1DC243BADC600E0A9E9 /* PBXTargetDependency */,
			);
			name = "ParseFacebookUtilsV4-iOS-Dynamic";
			productName = Breakpad;
			productReference = 4AAEAA75200C020E00AA7479 /* ParseFacebookUtilsV4.framework */;
			productType = "com.apple.product-type.framework";
		};
/* End PBXNativeTarget section */

/* Begin PBXProject section */
		0867D690FE84028FC02AAC07 /* Project object */ = {
			isa = PBXProject;
			attributes = {
				CLASSPREFIX = PF;
				LastUpgradeCheck = 0920;
				ORGANIZATIONNAME = "Parse, LLC";
			};
			buildConfigurationList = 1DEB922208733DC00010E9CD /* Build configuration list for PBXProject "ParseFacebookUtils" */;
			compatibilityVersion = "Xcode 3.2";
			developmentRegion = en;
			hasScannedForEncodings = 1;
			knownRegions = (
				da,
				de,
				es,
				fr,
				it,
				ja,
				nl,
				no,
				sl,
				sv,
				tr,
				en,
				Base,
			);
			mainGroup = 0867D691FE84028FC02AAC07 /* Breakpad */;
			productRefGroup = 034768DFFF38A50411DB9C8B /* Products */;
			projectDirPath = "";
			projectReferences = (
				{
					ProductGroup = 4A1350422027EA26000F5FD5 /* Products */;
					ProjectRef = 4A1350412027EA26000F5FD5 /* Parse.xcodeproj */;
				},
			);
			projectRoot = "";
			targets = (
				4AAEAA5B200C020E00AA7479 /* ParseFacebookUtilsV4-iOS-Dynamic */,
			);
		};
/* End PBXProject section */

/* Begin PBXReferenceProxy section */
		4A1350512027EA26000F5FD5 /* Parse.framework */ = {
			isa = PBXReferenceProxy;
			fileType = wrapper.framework;
			path = Parse.framework;
			remoteRef = 4A1350502027EA26000F5FD5 /* PBXContainerItemProxy */;
			sourceTree = BUILT_PRODUCTS_DIR;
		};
/* End PBXReferenceProxy section */

/* Begin PBXResourcesBuildPhase section */
		4AAEAA70200C020E00AA7479 /* Resources */ = {
			isa = PBXResourcesBuildPhase;
			buildActionMask = 2147483647;
			files = (
			);
			runOnlyForDeploymentPostprocessing = 0;
		};
/* End PBXResourcesBuildPhase section */

/* Begin PBXShellScriptBuildPhase section */
		4A13525320282699000F5FD5 /* Cleanup Vendored Static lib */ = {
			isa = PBXShellScriptBuildPhase;
			buildActionMask = 2147483647;
			files = (
			);
			inputPaths = (
			);
			name = "Cleanup Vendored Static lib";
			outputPaths = (
			);
			runOnlyForDeploymentPostprocessing = 0;
			shellPath = /bin/sh;
			shellScript = "rm -rf $SRCROOT/Vendor/*.framework\n";
		};
		4AAEAA5D200C020E00AA7479 /* Generate Localizable Strings */ = {
			isa = PBXShellScriptBuildPhase;
			buildActionMask = 2147483647;
			files = (
			);
			inputPaths = (
			);
			name = "Generate Localizable Strings";
			outputPaths = (
			);
			runOnlyForDeploymentPostprocessing = 0;
			shellPath = /bin/sh;
			shellScript = "# Generate localizable strings\nfind $PROJECT_DIR -name '*.m' -print0 | xargs -0 genstrings -q -o $PROJECT_DIR/Resources\necho \"Finished converting images\"\n";
		};
/* End PBXShellScriptBuildPhase section */

/* Begin PBXSourcesBuildPhase section */
		4AAEAA66200C020E00AA7479 /* Sources */ = {
			isa = PBXSourcesBuildPhase;
			buildActionMask = 2147483647;
			files = (
				4AAEAA67200C020E00AA7479 /* PFFacebookAuthenticationProvider.m in Sources */,
				4AAEAA68200C020E00AA7479 /* PFFacebookUtils.m in Sources */,
				4AAEAA69200C020E00AA7479 /* PFFacebookMobileAuthenticationProvider.m in Sources */,
				4AAEAA6A200C020E00AA7479 /* PFFacebookPrivateUtilities.m in Sources */,
			);
			runOnlyForDeploymentPostprocessing = 0;
		};
/* End PBXSourcesBuildPhase section */

/* Begin PBXTargetDependency section */
		F3EDC1DC243BADC600E0A9E9 /* PBXTargetDependency */ = {
			isa = PBXTargetDependency;
			name = "Parse-iOS-Dynamic";
			targetProxy = F3EDC1DB243BADC600E0A9E9 /* PBXContainerItemProxy */;
		};
/* End PBXTargetDependency section */

/* Begin XCBuildConfiguration section */
		1DEB922308733DC00010E9CD /* Debug */ = {
			isa = XCBuildConfiguration;
			baseConfigurationReference = 7916B66A243B9C3F00F6A2EC /* Debug.xcconfig */;
			buildSettings = {
				CLANG_ANALYZER_LOCALIZABILITY_NONLOCALIZED = YES;
				CLANG_ENABLE_CODE_COVERAGE = NO;
				CLANG_WARN_BLOCK_CAPTURE_AUTORELEASING = YES;
				CLANG_WARN_COMMA = YES;
				CLANG_WARN_INFINITE_RECURSION = YES;
				CLANG_WARN_RANGE_LOOP_ANALYSIS = YES;
				CLANG_WARN_STRICT_PROTOTYPES = YES;
				CLANG_WARN_SUSPICIOUS_MOVE = YES;
				IPHONEOS_DEPLOYMENT_TARGET = 11.0;
				PARSE_DIR = "$(PROJECT_DIR)/..";
			};
			name = Debug;
		};
		1DEB922408733DC00010E9CD /* Release */ = {
			isa = XCBuildConfiguration;
			baseConfigurationReference = 7916B66B243B9C3F00F6A2EC /* Release.xcconfig */;
			buildSettings = {
				CLANG_ANALYZER_LOCALIZABILITY_NONLOCALIZED = YES;
				CLANG_ENABLE_CODE_COVERAGE = NO;
				CLANG_WARN_BLOCK_CAPTURE_AUTORELEASING = YES;
				CLANG_WARN_COMMA = YES;
				CLANG_WARN_INFINITE_RECURSION = YES;
				CLANG_WARN_RANGE_LOOP_ANALYSIS = YES;
				CLANG_WARN_STRICT_PROTOTYPES = YES;
				CLANG_WARN_SUSPICIOUS_MOVE = YES;
				IPHONEOS_DEPLOYMENT_TARGET = 11.0;
				PARSE_DIR = "$(PROJECT_DIR)/..";
			};
			name = Release;
		};
		4AAEAA73200C020E00AA7479 /* Debug */ = {
			isa = XCBuildConfiguration;
			baseConfigurationReference = 4AAEAA92200C025100AA7479 /* ParseFacebookUtilsV4-iOS-Dynamic.xcconfig */;
			buildSettings = {
				CURRENT_PROJECT_VERSION = 1.17.9;
				IPHONEOS_DEPLOYMENT_TARGET = 11.0;
				MARKETING_VERSION = 1.17.9;
			};
			name = Debug;
		};
		4AAEAA74200C020E00AA7479 /* Release */ = {
			isa = XCBuildConfiguration;
			baseConfigurationReference = 4AAEAA92200C025100AA7479 /* ParseFacebookUtilsV4-iOS-Dynamic.xcconfig */;
			buildSettings = {
				CURRENT_PROJECT_VERSION = 1.17.9;
				IPHONEOS_DEPLOYMENT_TARGET = 11.0;
				MARKETING_VERSION = 1.17.9;
			};
			name = Release;
		};
/* End XCBuildConfiguration section */

/* Begin XCConfigurationList section */
		1DEB922208733DC00010E9CD /* Build configuration list for PBXProject "ParseFacebookUtils" */ = {
			isa = XCConfigurationList;
			buildConfigurations = (
				1DEB922308733DC00010E9CD /* Debug */,
				1DEB922408733DC00010E9CD /* Release */,
			);
			defaultConfigurationIsVisible = 0;
			defaultConfigurationName = Release;
		};
		4AAEAA72200C020E00AA7479 /* Build configuration list for PBXNativeTarget "ParseFacebookUtilsV4-iOS-Dynamic" */ = {
			isa = XCConfigurationList;
			buildConfigurations = (
				4AAEAA73200C020E00AA7479 /* Debug */,
				4AAEAA74200C020E00AA7479 /* Release */,
			);
			defaultConfigurationIsVisible = 0;
			defaultConfigurationName = Release;
		};
/* End XCConfigurationList section */
	};
	rootObject = 0867D690FE84028FC02AAC07 /* Project object */;
}
